<Solution>
  <Folder Name="/src/">
    <Project Path="src/ServiceMantle/ServiceMantle.csproj" />
    <Project Path="src/ServiceMantle.AspNetCore/ServiceMantle.AspNetCore.csproj" />
    <Project Path="src/ServiceMantle.Database.PostgreSql/ServiceMantle.Database.PostgreSql.csproj" />
    <Project Path="src/ServiceMantle.Persistence.EntityFrameworkCore/ServiceMantle.Persistence.EntityFrameworkCore.csproj" />
  </Folder>
  <Folder Name="/tests/">
    <Project Path="tests/ServiceMantle.Tests/ServiceMantle.Tests.csproj" />
    <Project Path="tests/ServiceMantle.AspNetCore.Tests/ServiceMantle.AspNetCore.Tests.csproj" />
    <Project Path="tests/ServiceMantle.Database.PostgreSql.Tests/ServiceMantle.Database.PostgreSql.Tests.csproj" />
    <Project Path="tests/ServiceMantle.Persistence.EntityFrameworkCore.Tests/ServiceMantle.Persistence.EntityFrameworkCore.Tests.csproj" />
  </Folder>
</Solution>
