<Solution>
  <Folder Name="/src/">
    <Project Path="src/ServiceMantle/ServiceMantle.csproj" />
    <Project Path="src/ServiceMantle.AspNetCore/ServiceMantle.AspNetCore.csproj" />
    <Project Path="src/ServiceMantle.Database.MariaDb/ServiceMantle.Database.MariaDb.csproj" />
    <Project Path="src/ServiceMantle.Database.MySql/ServiceMantle.Database.MySql.csproj" />
    <Project Path="src/ServiceMantle.Database.Oracle/ServiceMantle.Database.Oracle.csproj" />
    <Project Path="src/ServiceMantle.Database.PostgreSql/ServiceMantle.Database.PostgreSql.csproj" />
    <Project Path="src/ServiceMantle.Database.SqlServer/ServiceMantle.Database.SqlServer.csproj" />
    <Project Path="src/ServiceMantle.Database.Sqlite/ServiceMantle.Database.Sqlite.csproj" />
    <Project Path="src/ServiceMantle.OpenTelemetry/ServiceMantle.OpenTelemetry.csproj" />
    <Project Path="src/ServiceMantle.OpenTelemetry.Otlp/ServiceMantle.OpenTelemetry.Otlp.csproj" />
    <Project Path="src/ServiceMantle.Persistence.EntityFrameworkCore/ServiceMantle.Persistence.EntityFrameworkCore.csproj" />
    <Project Path="src/ServiceMantle.Serilog/ServiceMantle.Serilog.csproj" />
    <Project Path="src/ServiceMantle.Serilog.GrafanaLoki/ServiceMantle.Serilog.GrafanaLoki.csproj" />
  </Folder>
  <Folder Name="/tests/">
    <Project Path="tests/ServiceMantle.Testing/ServiceMantle.Testing.csproj" />
    <Project Path="tests/ServiceMantle.Tests/ServiceMantle.Tests.csproj" />
    <Project Path="tests/ServiceMantle.AspNetCore.Tests/ServiceMantle.AspNetCore.Tests.csproj" />
    <Project Path="tests/ServiceMantle.Database.MariaDb.Tests/ServiceMantle.Database.MariaDb.Tests.csproj" />
    <Project Path="tests/ServiceMantle.Database.MySql.Tests/ServiceMantle.Database.MySql.Tests.csproj" />
    <Project Path="tests/ServiceMantle.Database.Oracle.Tests/ServiceMantle.Database.Oracle.Tests.csproj" />
    <Project Path="tests/ServiceMantle.Database.PostgreSql.Tests/ServiceMantle.Database.PostgreSql.Tests.csproj" />
    <Project Path="tests/ServiceMantle.Database.SqlServer.Tests/ServiceMantle.Database.SqlServer.Tests.csproj" />
    <Project Path="tests/ServiceMantle.Database.Sqlite.Tests/ServiceMantle.Database.Sqlite.Tests.csproj" />
    <Project Path="tests/ServiceMantle.OpenTelemetry.Tests/ServiceMantle.OpenTelemetry.Tests.csproj" />
    <Project Path="tests/ServiceMantle.OpenTelemetry.Otlp.Tests/ServiceMantle.OpenTelemetry.Otlp.Tests.csproj" />
    <Project Path="tests/ServiceMantle.Persistence.EntityFrameworkCore.Tests/ServiceMantle.Persistence.EntityFrameworkCore.Tests.csproj" />
    <Project Path="tests/ServiceMantle.Serilog.Tests/ServiceMantle.Serilog.Tests.csproj" />
    <Project Path="tests/ServiceMantle.Serilog.GrafanaLoki.Tests/ServiceMantle.Serilog.GrafanaLoki.Tests.csproj" />
  </Folder>
</Solution>
