<Solution>
  <Folder Name="/samples/">
    <Project Path="samples/ServiceMantle.ReferenceService/ServiceMantle.ReferenceService.csproj" />
  </Folder>
  <Folder Name="/src/">
    <Project Path="src/ServiceMantle.Discovery/ServiceMantle.Discovery.csproj" />
    <Project Path="src/ServiceMantle/ServiceMantle.csproj" />
    <Project Path="src/ServiceMantle.Web/ServiceMantle.Web.csproj" />
    <Project Path="src/ServiceMantle.Database.MariaDb/ServiceMantle.Database.MariaDb.csproj" />
    <Project Path="src/ServiceMantle.Database.MySql/ServiceMantle.Database.MySql.csproj" />
    <Project Path="src/ServiceMantle.Database.Oracle/ServiceMantle.Database.Oracle.csproj" />
    <Project Path="src/ServiceMantle.Database.PostgreSql/ServiceMantle.Database.PostgreSql.csproj" />
    <Project Path="src/ServiceMantle.Database.SqlServer/ServiceMantle.Database.SqlServer.csproj" />
    <Project Path="src/ServiceMantle.Database.Sqlite/ServiceMantle.Database.Sqlite.csproj" />
    <Project Path="src/ServiceMantle.Diagnostics/ServiceMantle.Diagnostics.csproj" />
    <Project Path="src/ServiceMantle.Persistence.Relational/ServiceMantle.Persistence.Relational.csproj" />
    <Project Path="src/ServiceMantle.Logging/ServiceMantle.Logging.csproj" />
  </Folder>
  <Folder Name="/tests/">
    <Project Path="tests/ServiceMantle.Discovery.Tests/ServiceMantle.Discovery.Tests.csproj" />
    <Project Path="tests/ServiceMantle.ReferenceService.Tests/ServiceMantle.ReferenceService.Tests.csproj" />
    <Project Path="tests/ServiceMantle.Testing/ServiceMantle.Testing.csproj" />
    <Project Path="tests/ServiceMantle.Tests/ServiceMantle.Tests.csproj" />
    <Project Path="tests/ServiceMantle.Web.Tests/ServiceMantle.Web.Tests.csproj" />
    <Project Path="tests/ServiceMantle.Database.MariaDb.Tests/ServiceMantle.Database.MariaDb.Tests.csproj" />
    <Project Path="tests/ServiceMantle.Database.MySql.Tests/ServiceMantle.Database.MySql.Tests.csproj" />
    <Project Path="tests/ServiceMantle.Database.Oracle.Tests/ServiceMantle.Database.Oracle.Tests.csproj" />
    <Project Path="tests/ServiceMantle.Database.PostgreSql.Tests/ServiceMantle.Database.PostgreSql.Tests.csproj" />
    <Project Path="tests/ServiceMantle.Database.SqlServer.Tests/ServiceMantle.Database.SqlServer.Tests.csproj" />
    <Project Path="tests/ServiceMantle.Database.Sqlite.Tests/ServiceMantle.Database.Sqlite.Tests.csproj" />
    <Project Path="tests/ServiceMantle.Diagnostics.Tests/ServiceMantle.Diagnostics.Tests.csproj" />
    <Project Path="tests/ServiceMantle.Diagnostics.Export.Otlp.Tests/ServiceMantle.Diagnostics.Export.Otlp.Tests.csproj" />
    <Project Path="tests/ServiceMantle.Diagnostics.Export.Prometheus.Tests/ServiceMantle.Diagnostics.Export.Prometheus.Tests.csproj" />
    <Project Path="tests/ServiceMantle.Persistence.Relational.Tests/ServiceMantle.Persistence.Relational.Tests.csproj" />
    <Project Path="tests/ServiceMantle.ReleaseTool.Tests/ServiceMantle.ReleaseTool.Tests.csproj" />
    <Project Path="tests/ServiceMantle.Logging.Tests/ServiceMantle.Logging.Tests.csproj" />
    <Project Path="tests/ServiceMantle.Logging.Remote.Tests/ServiceMantle.Logging.Remote.Tests.csproj" />
  </Folder>
</Solution>
